
Microsoft Visual Studio Solution File, Format Version 12.00
# Visual Studio Version 17
VisualStudioVersion = 17.14.36202.13 d17.14
MinimumVisualStudioVersion = 10.0.40219.1
Project("{D2ABAB84-BF74-430A-B69E-9DC6D40DDA17}") = "CubeSSAS", "CubeSSAS.dwproj", "{A659B7D5-7BE8-E509-A553-FA3F00AC5293}"
EndProject
Global
	GlobalSection(SolutionConfigurationPlatforms) = preSolution
		Development|Default = Development|Default
	EndGlobalSection
	GlobalSection(ProjectConfigurationPlatforms) = postSolution
		{A659B7D5-7BE8-E509-A553-FA3F00AC5293}.Development|Default.ActiveCfg = Development
		{A659B7D5-7BE8-E509-A553-FA3F00AC5293}.Development|Default.Build.0 = Development
		{A659B7D5-7BE8-E509-A553-FA3F00AC5293}.Development|Default.Deploy.0 = Development
	EndGlobalSection
	GlobalSection(SolutionProperties) = preSolution
		HideSolutionNode = FALSE
	EndGlobalSection
	GlobalSection(ExtensibilityGlobals) = postSolution
		SolutionGuid = {1465CAC1-9247-4075-8F82-7A03C0869CC5}
	EndGlobalSection
EndGlobal
